{
  "name": "vue_electron",
  "version": "0.0.1-alpha.1",
  "lockfileVersion": 1,
  "requires": true,
  "dependencies": {
    "@ant-design/colors": {
      "version": "3.2.2",
      "resolved": "https://registry.npmjs.org/@ant-design/colors/-/colors-3.2.2.tgz",
      "integrity": "sha512-YKgNbG2dlzqMhA9NtI3/pbY16m3Yl/EeWBRa+lB1X1YaYxHrxNexiQYCLTWO/uDvAjLFMEDU+zR901waBtMtjQ==",
      "requires": {
        "tinycolor2": "^1.4.1"
      }
    },
    "@ant-design/icons": {
      "version": "2.1.1",
      "resolved": "https://registry.npmjs.org/@ant-design/icons/-/icons-2.1.1.tgz",
      "integrity": "sha512-jCH+k2Vjlno4YWl6g535nHR09PwCEmTBKAG6VqF+rhkrSPRLfgpU2maagwbZPLjaHuU5Jd1DFQ2KJpQuI6uG8w=="
    },
    "@ant-design/icons-vue": {
      "version": "2.0.0",
      "resolved": "https://registry.npmjs.org/@ant-design/icons-vue/-/icons-vue-2.0.0.tgz",
      "integrity": "sha512-2c0QQE5hL4N48k5NkPG5sdpMl9YnvyNhf0U7YkdZYDlLnspoRU7vIA0UK9eHBs6OpFLcJB6o8eJrIl2ajBskPg==",
      "requires": {
        "@ant-design/colors": "^3.1.0",
        "babel-runtime": "^6.26.0"
      }
    },
    "@antv/adjust": {
      "version": "0.2.2",
      "resolved": "https://registry.npmjs.org/@antv/adjust/-/adjust-0.2.2.tgz",
      "integrity": "sha512-b5cABT0WWgKU8pfhW2ssID4FBXDBnHPuxU/HAV3nOMq1lso2BI2/r1hHnrVMZId5Dntb7YrVTOsokiD9DFZ2+w==",
      "requires": {
        "@antv/util": "~2.0.0",
        "tslib": "^1.10.0"
      }
    },
    "@antv/attr": {
      "version": "0.3.2",
      "resolved": "https://registry.npmjs.org/@antv/attr/-/attr-0.3.2.tgz",
      "integrity": "sha512-31PfcVKeQdPBmr/QD+IC0NB/FbdtVKOXBCNMepFc5/dEs7jphmgG1V4tfAJmcXIHubCTHOjpscTrDIvoKSGvMQ==",
      "requires": {
        "@antv/color-util": "^2.0.1",
        "@antv/util": "~2.0.0",
        "tslib": "^1.10.0"
      }
    },
    "@antv/color-util": {
      "version": "2.0.5",
      "resolved": "https://registry.npmjs.org/@antv/color-util/-/color-util-2.0.5.tgz",
      "integrity": "sha512-eQktA9YDnWCj03rfjpg0ajvCfRkHXzBzsZa9z94pY6Jb7e3XtPUp7vDpB8KhaKm9GjPtGzQDneh+gnqkEK8mtQ==",
      "requires": {
        "@antv/util": "^2.0.9",
        "tslib": "^1.10.0"
      }
    },
    "@antv/component": {
      "version": "0.6.1",
      "resolved": "https://registry.npmjs.org/@antv/component/-/component-0.6.1.tgz",
      "integrity": "sha512-VZ8qWJHwc3zpabRVAIRaT35apUTtOU8dNbj0XO9dZ9nePFLBjTduLP0iOxoaerkd1fEasanBmgwxnS4pT4fXaA==",
      "requires": {
        "@antv/dom-util": "~2.0.1",
        "@antv/g-base": "~0.4.0",
        "@antv/matrix-util": "^3.1.0-beta.1",
        "@antv/path-util": "~2.0.7",
        "@antv/scale": "~0.3.1",
        "@antv/util": "~2.0.0",
        "tslib": "^1.10.0"
      }
    },
    "@antv/coord": {
      "version": "0.3.0",
      "resolved": "https://registry.npmjs.org/@antv/coord/-/coord-0.3.0.tgz",
      "integrity": "sha512-lm5Ct+r62mFVqhziKoDFN3PQjnkNBMOoOG+kBsPq3M3GqlQt5Jc7euOHMFcYSZM9HJmsKkGcih6EWDVVliMEZg==",
      "requires": {
        "@antv/matrix-util": "^3.1.0-beta.2",
        "@antv/util": "~2.0.3",
        "tslib": "^1.10.0"
      }
    },
    "@antv/dom-util": {
      "version": "2.0.2",
      "resolved": "https://registry.npmjs.org/@antv/dom-util/-/dom-util-2.0.2.tgz",
      "integrity": "sha512-i/rh385casRd6OA4rbpbA2jyiwY/w7PtkA+74mH43PiBzOcLpDg1jEWR9dMO0tIqUzHQWWqKNNjmXVubl4GS6g==",
      "requires": {
        "tslib": "^1.10.0"
      }
    },
    "@antv/event-emitter": {
      "version": "0.1.2",
      "resolved": "https://registry.npmjs.org/@antv/event-emitter/-/event-emitter-0.1.2.tgz",
      "integrity": "sha512-6C6NJOdoNVptCr5y9BVOhKkCgW7LFs/SpcRyAExUeSjAm0zJqcqNkSIRGsXYhj4PJI+CZICHzGwwiSnIsE68Ug=="
    },
    "@antv/g-base": {
      "version": "0.4.7",
      "resolved": "https://registry.npmjs.org/@antv/g-base/-/g-base-0.4.7.tgz",
      "integrity": "sha512-wKSpS3/M1slU92iOgi2QV4MCd82J1d2PyPcQArqSFRUZU0KnVMIl95v79dG0Be4YvFaZ3bVrT6Ns1Czr8oplhA==",
      "requires": {
        "@antv/event-emitter": "^0.1.1",
        "@antv/g-math": "^0.1.3",
        "@antv/matrix-util": "^3.1.0-beta.1",
        "@antv/path-util": "~2.0.5",
        "@antv/util": "~2.0.0",
        "@types/d3-timer": "^1.0.9",
        "d3-ease": "^1.0.5",
        "d3-interpolate": "^1.3.2",
        "d3-timer": "^1.0.9",
        "detect-browser": "^5.1.0"
      }
    },
    "@antv/g-canvas": {
      "version": "0.4.12",
      "resolved": "https://registry.npmjs.org/@antv/g-canvas/-/g-canvas-0.4.12.tgz",
      "integrity": "sha512-A6mpt+jhN4pEOidLuPmksmEI8Y3NMz4WcNnPKVfLflfTULcI1kjE/ItlFFEx+uqbTX4Osz9vXOajOEw4W5fhUw==",
      "requires": {
        "@antv/g-base": "^0.4.7",
        "@antv/g-math": "^0.1.3",
        "@antv/path-util": "~2.0.5",
        "@antv/util": "~2.0.0",
        "gl-matrix": "^3.0.0"
      }
    },
    "@antv/g-gesture": {
      "version": "1.0.0",
      "resolved": "https://registry.npmjs.org/@antv/g-gesture/-/g-gesture-1.0.0.tgz",
      "integrity": "sha512-RljojCkmkTyxBOd6qLCOtF3Yk8JAYpa8J+CuHkjH4/SFFeJhakAkQnYAkLccaGrjYWAwC9IOPzEgK1cTd7v/gw==",
      "requires": {
        "@antv/event-emitter": "~0.1.2",
        "d3-ease": "^1.0.5"
      }
    },
    "@antv/g-math": {
      "version": "0.1.3",
      "resolved": "https://registry.npmjs.org/@antv/g-math/-/g-math-0.1.3.tgz",
      "integrity": "sha512-m4jF1Xm9bSTDLU35u3bSW9UcqJJVxU+E+bKtJgNfXUiDwHILYJey825+ApsZ8yjU7SD1kDP6GH6NTGzmChszEQ==",
      "requires": {
        "@antv/util": "~2.0.0",
        "gl-matrix": "^3.0.0"
      }
    },
    "@antv/g-svg": {
      "version": "0.4.7",
      "resolved": "https://registry.npmjs.org/@antv/g-svg/-/g-svg-0.4.7.tgz",
      "integrity": "sha512-+lqlBK+qylP4t/vyUgEaPthp1XmTiImfkPl/ZmRp3L1knH64OI9XTfOGGuBUFAt3JBt7VHKf6t0L/MCf0BR88Q==",
      "requires": {
        "@antv/g-base": "^0.4.7",
        "@antv/g-math": "^0.1.3",
        "@antv/util": "~2.0.0",
        "detect-browser": "^4.6.0"
      },
      "dependencies": {
        "detect-browser": {
          "version": "4.8.0",
          "resolved": "https://registry.npmjs.org/detect-browser/-/detect-browser-4.8.0.tgz",
          "integrity": "sha512-f4h2dFgzHUIpjpBLjhnDIteXv8VQiUm8XzAuzQtYUqECX/eKh67ykuiVoyb7Db7a0PUSmJa3OGXStG0CbQFUVw=="
        }
      }
    },
    "@antv/g2": {
      "version": "4.0.9",
      "resolved": "https://registry.npmjs.org/@antv/g2/-/g2-4.0.9.tgz",
      "integrity": "sha512-X+4ohfGVn/akK7yumBXiAbVDb/6nCR5Xlzl8ctuFNwFi6k2SPe1XkyiaWuZHO4XRSqBawb1KnSDhJsE5sKAvZw==",
      "requires": {
        "@antv/adjust": "^0.2.1",
        "@antv/attr": "^0.3.1",
        "@antv/color-util": "^2.0.2",
        "@antv/component": "^0.6.0",
        "@antv/coord": "^0.3.0",
        "@antv/event-emitter": "~0.1.0",
        "@antv/g-base": "^0.4.3",
        "@antv/g-canvas": "^0.4.0",
        "@antv/g-svg": "^0.4.0",
        "@antv/matrix-util": "^3.1.0-beta.1",
        "@antv/path-util": "^2.0.3",
        "@antv/scale": "^0.3.1",
        "@antv/util": "~2.0.5",
        "tslib": "^2.0.0"
      },
      "dependencies": {
        "tslib": {
          "version": "2.0.0",
          "resolved": "https://registry.npmjs.org/tslib/-/tslib-2.0.0.tgz",
          "integrity": "sha512-lTqkx847PI7xEDYJntxZH89L2/aXInsyF2luSafe/+0fHOMjlBNXdH6th7f70qxLDhul7KZK0zC8V5ZIyHl0/g=="
        }
      }
    },
    "@antv/g2plot": {
      "version": "1.1.5",
      "resolved": "https://registry.npmjs.org/@antv/g2plot/-/g2plot-1.1.5.tgz",
      "integrity": "sha512-XFCsGl9elkYVTEIEVXwOFeMV7s6Aqs9wwzvLYQsBQ4cBiWpKBGp7cLZSSP8pumpIiR/5Vcy8USZ6V87RtPmvBg==",
      "requires": {
        "@antv/component": "~0.6.1",
        "@antv/coord": "~0.3.0",
        "@antv/dom-util": "~2.0.2",
        "@antv/event-emitter": "~0.1.2",
        "@antv/g-base": "~0.4.0",
        "@antv/g-canvas": "~0.4.0",
        "@antv/g-gesture": "~1.0.0",
        "@antv/g-svg": "~0.4.0",
        "@antv/g2": "~4.0.9",
        "@antv/matrix-util": "~3.1.0-beta.1",
        "@antv/scale": "~0.3.1",
        "@antv/util": "~2.0.7",
        "d3-regression": "~1.3.4",
        "resize-observer-polyfill": "^1.5.1",
        "tslib": "^1.11.1",
        "warning": "^4.0.3"
      }
    },
    "@antv/matrix-util": {
      "version": "3.1.0-beta.2",
      "resolved": "https://registry.npmjs.org/@antv/matrix-util/-/matrix-util-3.1.0-beta.2.tgz",
      "integrity": "sha512-Efwp0ZHxVDK/8RUa/RRWN7HKFHJmjn7Oq5HaNBbCmsxd7JTla3Zsoq1AZrjWMDlq0lplo77urclwI+XIW8NEHw==",
      "requires": {
        "@antv/util": "^2.0.9",
        "gl-matrix": "^3.3.0",
        "tslib": "^1.10.0"
      }
    },
    "@antv/path-util": {
      "version": "2.0.8",
      "resolved": "https://registry.npmjs.org/@antv/path-util/-/path-util-2.0.8.tgz",
      "integrity": "sha512-g5gt12MY1oEzh/j5XfLNRCfJU7E+Us+2yM5Hqc0y8xeWhb5l013XG5BPV37KmOf6WAys9KNxklNniHCZ6SqCKw==",
      "requires": {
        "@antv/util": "^2.0.9",
        "tslib": "^1.10.0"
      }
    },
    "@antv/scale": {
      "version": "0.3.1",
      "resolved": "https://registry.npmjs.org/@antv/scale/-/scale-0.3.1.tgz",
      "integrity": "sha512-bl1IAuiwVasrCpgeeT/aXYpiCiL5T3vJSWgFiRLPJeWhMGCTfsMYP/XKp6gqpD0nVj/WsF2VsoUhJG4VlyY3Pw==",
      "requires": {
        "@antv/util": "~2.0.3",
        "fecha": "~3.0.3",
        "tslib": "^1.10.0"
      }
    },
    "@antv/util": {
      "version": "2.0.9",
      "resolved": "https://registry.npmjs.org/@antv/util/-/util-2.0.9.tgz",
      "integrity": "sha512-JblWzne7msAPDdxkUhEk8zAz0Wd6igKwqymGbvIeyOydGrhBhGjA3nEayFj4IlG+XixCvGFKsCB4yuFS4glRIA==",
      "requires": {
        "tslib": "^1.10.0"
      }
    },
    "@types/d3-timer": {
      "version": "1.0.9",
      "resolved": "https://registry.npmjs.org/@types/d3-timer/-/d3-timer-1.0.9.tgz",
      "integrity": "sha512-WvfJ3LFxBbWjqRGz9n7GJt08RrTHPJDVsIwwoCMROlqF+iDacYiAFjf9oqnq0mXpb2juA2N/qjKP+MKdal3YNQ=="
    },
    "add-dom-event-listener": {
      "version": "1.1.0",
      "resolved": "https://registry.npmjs.org/add-dom-event-listener/-/add-dom-event-listener-1.1.0.tgz",
      "integrity": "sha512-WCxx1ixHT0GQU9hb0KI/mhgRQhnU+U3GvwY6ZvVjYq8rsihIGoaIOUbY0yMPBxLH5MDtr0kz3fisWGNcbWW7Jw==",
      "requires": {
        "object-assign": "4.x"
      }
    },
    "ajv": {
      "version": "6.12.2",
      "resolved": "https://registry.npmjs.org/ajv/-/ajv-6.12.2.tgz",
      "integrity": "sha512-k+V+hzjm5q/Mr8ef/1Y9goCmlsK4I6Sm74teeyGvFk1XrOsbsKLjEdrvny42CZ+a8sXbk8KWpY/bDwS+FLL2UQ==",
      "requires": {
        "fast-deep-equal": "^3.1.1",
        "fast-json-stable-stringify": "^2.0.0",
        "json-schema-traverse": "^0.4.1",
        "uri-js": "^4.2.2"
      }
    },
    "animate.css": {
      "version": "4.1.0",
      "resolved": "https://registry.npmjs.org/animate.css/-/animate.css-4.1.0.tgz",
      "integrity": "sha512-0aVcfWDeU9ykV6vjn1P67ZSs01jxoUQZCGaYbkk0SIIelIG8kUdLrIkua1+VabHfTtsSivDRMMn0ILPvZum2gw=="
    },
    "ant-design-vue": {
      "version": "1.6.1",
      "resolved": "https://registry.npmjs.org/ant-design-vue/-/ant-design-vue-1.6.1.tgz",
      "integrity": "sha512-t/xbe8PirbwAZeb/bYC9ehYY5JBcuuVqQL+wPvguZL5+tBZRUlwujTwztep6VnBMzyeXWKSRy7BT5zNLmoFCXg==",
      "requires": {
        "@ant-design/icons": "^2.1.1",
        "@ant-design/icons-vue": "^2.0.0",
        "add-dom-event-listener": "^1.0.2",
        "array-tree-filter": "^2.1.0",
        "async-validator": "^3.0.3",
        "babel-helper-vue-jsx-merge-props": "^2.0.3",
        "babel-runtime": "6.x",
        "classnames": "^2.2.5",
        "component-classes": "^1.2.6",
        "dom-align": "^1.10.4",
        "dom-closest": "^0.2.0",
        "dom-scroll-into-view": "^2.0.0",
        "enquire.js": "^2.1.6",
        "intersperse": "^1.0.0",
        "is-mobile": "^2.2.1",
        "is-negative-zero": "^2.0.0",
        "ismobilejs": "^1.0.0",
        "json2mq": "^0.2.0",
        "lodash": "^4.17.5",
        "moment": "^2.21.0",
        "mutationobserver-shim": "^0.3.2",
        "node-emoji": "^1.10.0",
        "omit.js": "^1.0.0",
        "raf": "^3.4.0",
        "resize-observer-polyfill": "^1.5.1",
        "shallow-equal": "^1.0.0",
        "shallowequal": "^1.0.2",
        "vue-ref": "^2.0.0",
        "warning": "^4.0.0"
      }
    },
    "array-tree-filter": {
      "version": "2.1.0",
      "resolved": "https://registry.npmjs.org/array-tree-filter/-/array-tree-filter-2.1.0.tgz",
      "integrity": "sha512-4ROwICNlNw/Hqa9v+rk5h22KjmzB1JGTMVKP2AKJBOCgb0yL0ASf0+YvCcLNNwquOHNX48jkeZIJ3a+oOQqKcw=="
    },
    "async-validator": {
      "version": "3.3.0",
      "resolved": "https://registry.npmjs.org/async-validator/-/async-validator-3.3.0.tgz",
      "integrity": "sha512-cAHGD9EL8aCqWXjnb44q94MWiDFzUo1tMhvLb2WzcpWqGiKugsjWG9cvl+jPgkPca7asNbsBU3fa0cwkI/P+Xg=="
    },
    "babel-helper-vue-jsx-merge-props": {
      "version": "2.0.3",
      "resolved": "https://registry.npmjs.org/babel-helper-vue-jsx-merge-props/-/babel-helper-vue-jsx-merge-props-2.0.3.tgz",
      "integrity": "sha512-gsLiKK7Qrb7zYJNgiXKpXblxbV5ffSwR0f5whkPAaBAR4fhi6bwRZxX9wBlIc5M/v8CCkXUbXZL4N/nSE97cqg=="
    },
    "babel-runtime": {
      "version": "6.26.0",
      "resolved": "https://registry.npmjs.org/babel-runtime/-/babel-runtime-6.26.0.tgz",
      "integrity": "sha1-llxwWGaOgrVde/4E/yM3vItWR/4=",
      "requires": {
        "core-js": "^2.4.0",
        "regenerator-runtime": "^0.11.0"
      },
      "dependencies": {
        "core-js": {
          "version": "2.6.11",
          "resolved": "https://registry.npmjs.org/core-js/-/core-js-2.6.11.tgz",
          "integrity": "sha512-5wjnpaT/3dV+XB4borEsnAYQchn00XSgTAWKDkEqv+K8KevjbzmofK6hfJ9TZIlpj2N0xQpazy7PiRQiWHqzWg=="
        }
      }
    },
    "classnames": {
      "version": "2.2.6",
      "resolved": "https://registry.npmjs.org/classnames/-/classnames-2.2.6.tgz",
      "integrity": "sha512-JR/iSQOSt+LQIWwrwEzJ9uk0xfN3mTVYMwt1Ir5mUcSN6pU+V4zQFFaJsclJbPuAUQH+yfWef6tm7l1quW3C8Q=="
    },
    "component-classes": {
      "version": "1.2.6",
      "resolved": "https://registry.npmjs.org/component-classes/-/component-classes-1.2.6.tgz",
      "integrity": "sha1-xkI5TDYYpNiwuJGe/Mu9kw5c1pE=",
      "requires": {
        "component-indexof": "0.0.3"
      }
    },
    "component-indexof": {
      "version": "0.0.3",
      "resolved": "https://registry.npmjs.org/component-indexof/-/component-indexof-0.0.3.tgz",
      "integrity": "sha1-EdCRMSI5648yyPJa6csAL/6NPCQ="
    },
    "conf": {
      "version": "6.2.4",
      "resolved": "https://registry.npmjs.org/conf/-/conf-6.2.4.tgz",
      "integrity": "sha512-GjgyPRLo1qK1LR9RWAdUagqo+DP18f5HWCFk4va7GS+wpxQTOzfuKTwKOvGW2c01/YXNicAyyoyuSddmdkBzZQ==",
      "requires": {
        "ajv": "^6.10.2",
        "debounce-fn": "^3.0.1",
        "dot-prop": "^5.0.0",
        "env-paths": "^2.2.0",
        "json-schema-typed": "^7.0.1",
        "make-dir": "^3.0.0",
        "onetime": "^5.1.0",
        "pkg-up": "^3.0.1",
        "semver": "^6.2.0",
        "write-file-atomic": "^3.0.0"
      }
    },
    "core-js": {
      "version": "3.6.5",
      "resolved": "https://registry.npmjs.org/core-js/-/core-js-3.6.5.tgz",
      "integrity": "sha512-vZVEEwZoIsI+vPEuoF9Iqf5H7/M3eeQqWlQnYa8FSKKePuYTf5MWnxb5SDAzCa60b3JBRS5g9b+Dq7b1y/RCrA=="
    },
    "d3-color": {
      "version": "1.4.1",
      "resolved": "https://registry.npmjs.org/d3-color/-/d3-color-1.4.1.tgz",
      "integrity": "sha512-p2sTHSLCJI2QKunbGb7ocOh7DgTAn8IrLx21QRc/BSnodXM4sv6aLQlnfpvehFMLZEfBc6g9pH9SWQccFYfJ9Q=="
    },
    "d3-ease": {
      "version": "1.0.6",
      "resolved": "https://registry.npmjs.org/d3-ease/-/d3-ease-1.0.6.tgz",
      "integrity": "sha512-SZ/lVU7LRXafqp7XtIcBdxnWl8yyLpgOmzAk0mWBI9gXNzLDx5ybZgnRbH9dN/yY5tzVBqCQ9avltSnqVwessQ=="
    },
    "d3-interpolate": {
      "version": "1.4.0",
      "resolved": "https://registry.npmjs.org/d3-interpolate/-/d3-interpolate-1.4.0.tgz",
      "integrity": "sha512-V9znK0zc3jOPV4VD2zZn0sDhZU3WAE2bmlxdIwwQPPzPjvyLkd8B3JUVdS1IDUFDkWZ72c9qnv1GK2ZagTZ8EA==",
      "requires": {
        "d3-color": "1"
      }
    },
    "d3-regression": {
      "version": "1.3.4",
      "resolved": "https://registry.npmjs.org/d3-regression/-/d3-regression-1.3.4.tgz",
      "integrity": "sha512-o5nwONeooEfy+L98Ej+WPccb6LgLKtsnXLuWzXb8Ta1mN95Jy0Aw9X2TxV+S+OW+NcrBfEjxSURoSlQfVAEkrg=="
    },
    "d3-timer": {
      "version": "1.0.10",
      "resolved": "https://registry.npmjs.org/d3-timer/-/d3-timer-1.0.10.tgz",
      "integrity": "sha512-B1JDm0XDaQC+uvo4DT79H0XmBskgS3l6Ve+1SBCfxgmtIb1AVrPIoqd+nPSv+loMX8szQ0sVUhGngL7D5QPiXw=="
    },
    "debounce-fn": {
      "version": "3.0.1",
      "resolved": "https://registry.npmjs.org/debounce-fn/-/debounce-fn-3.0.1.tgz",
      "integrity": "sha512-aBoJh5AhpqlRoHZjHmOzZlRx+wz2xVwGL9rjs+Kj0EWUrL4/h4K7OD176thl2Tdoqui/AaA4xhHrNArGLAaI3Q==",
      "requires": {
        "mimic-fn": "^2.1.0"
      }
    },
    "detect-browser": {
      "version": "5.1.0",
      "resolved": "https://registry.npmjs.org/detect-browser/-/detect-browser-5.1.0.tgz",
      "integrity": "sha512-WKa9p+/MNwmTiS+V2AS6eGxic+807qvnV3hC+4z2GTY+F42h1n8AynVTMMc4EJBC32qMs6yjOTpeDEQQt/AVqQ=="
    },
    "dom-align": {
      "version": "1.12.0",
      "resolved": "https://registry.npmjs.org/dom-align/-/dom-align-1.12.0.tgz",
      "integrity": "sha512-YkoezQuhp3SLFGdOlr5xkqZ640iXrnHAwVYcDg8ZKRUtO7mSzSC2BA5V0VuyAwPSJA4CLIc6EDDJh4bEsD2+zA=="
    },
    "dom-closest": {
      "version": "0.2.0",
      "resolved": "https://registry.npmjs.org/dom-closest/-/dom-closest-0.2.0.tgz",
      "integrity": "sha1-69n5HRvyLo1vR3h2u80+yQIWwM8=",
      "requires": {
        "dom-matches": ">=1.0.1"
      }
    },
    "dom-matches": {
      "version": "2.0.0",
      "resolved": "https://registry.npmjs.org/dom-matches/-/dom-matches-2.0.0.tgz",
      "integrity": "sha1-0nKLQWqHUzmA6wibhI0lPPI6dYw="
    },
    "dom-scroll-into-view": {
      "version": "2.0.1",
      "resolved": "https://registry.npmjs.org/dom-scroll-into-view/-/dom-scroll-into-view-2.0.1.tgz",
      "integrity": "sha512-bvVTQe1lfaUr1oFzZX80ce9KLDlZ3iU+XGNE/bz9HnGdklTieqsbmsLHe+rT2XWqopvL0PckkYqN7ksmm5pe3w=="
    },
    "dot-prop": {
      "version": "5.2.0",
      "resolved": "https://registry.npmjs.org/dot-prop/-/dot-prop-5.2.0.tgz",
      "integrity": "sha512-uEUyaDKoSQ1M4Oq8l45hSE26SnTxL6snNnqvK/VWx5wJhmff5z0FUVJDKDanor/6w3kzE3i7XZOk+7wC0EXr1A==",
      "requires": {
        "is-obj": "^2.0.0"
      }
    },
    "electron-store": {
      "version": "5.1.1",
      "resolved": "https://registry.npmjs.org/electron-store/-/electron-store-5.1.1.tgz",
      "integrity": "sha512-FLidOVE8JVCdJXHd7xY/JojKJ2r2WNmWt0O/LlX2LuSVV7dkG2RSy2/Gm2LFw8OKDfrNBd9c/s4X1ikMrJEUKg==",
      "requires": {
        "conf": "^6.2.1",
        "type-fest": "^0.7.1"
      }
    },
    "enquire.js": {
      "version": "2.1.6",
      "resolved": "https://registry.npmjs.org/enquire.js/-/enquire.js-2.1.6.tgz",
      "integrity": "sha1-PoeAybi4NQhMP2DhZtvDwqPImBQ="
    },
    "env-paths": {
      "version": "2.2.0",
      "resolved": "https://registry.npmjs.org/env-paths/-/env-paths-2.2.0.tgz",
      "integrity": "sha512-6u0VYSCo/OW6IoD5WCLLy9JUGARbamfSavcNXry/eu8aHVFei6CD3Sw+VGX5alea1i9pgPHW0mbu6Xj0uBh7gA=="
    },
    "fast-deep-equal": {
      "version": "3.1.1",
      "resolved": "https://registry.npmjs.org/fast-deep-equal/-/fast-deep-equal-3.1.1.tgz",
      "integrity": "sha512-8UEa58QDLauDNfpbrX55Q9jrGHThw2ZMdOky5Gl1CDtVeJDPVrG4Jxx1N8jw2gkWaff5UUuX1KJd+9zGe2B+ZA=="
    },
    "fast-json-stable-stringify": {
      "version": "2.1.0",
      "resolved": "https://registry.npmjs.org/fast-json-stable-stringify/-/fast-json-stable-stringify-2.1.0.tgz",
      "integrity": "sha512-lhd/wF+Lk98HZoTCtlVraHtfh5XYijIjalXck7saUtuanSDyLMxnHhSXEDJqHxD7msR8D0uCmqlkwjCV8xvwHw=="
    },
    "fecha": {
      "version": "3.0.3",
      "resolved": "https://registry.npmjs.org/fecha/-/fecha-3.0.3.tgz",
      "integrity": "sha512-6LQK/1jud/FZnfEEZJ7y81vw7ge81DNd/XEsX0hgMUjhS+QMljkb1C0czBaP7dMNRVrd5mw/J2J7qI2Nw+TWZw=="
    },
    "find-up": {
      "version": "3.0.0",
      "resolved": "https://registry.npmjs.org/find-up/-/find-up-3.0.0.tgz",
      "integrity": "sha512-1yD6RmLI1XBfxugvORwlck6f75tYL+iR0jqwsOrOxMZyGYqUuDhJ0l4AXdO1iX/FTs9cBAMEk1gWSEx1kSbylg==",
      "requires": {
        "locate-path": "^3.0.0"
      }
    },
    "gl-matrix": {
      "version": "3.3.0",
      "resolved": "https://registry.npmjs.org/gl-matrix/-/gl-matrix-3.3.0.tgz",
      "integrity": "sha512-COb7LDz+SXaHtl/h4LeaFcNdJdAQSDeVqjiIihSXNrkWObZLhDI4hIkZC11Aeqp7bcE72clzB0BnDXr2SmslRA=="
    },
    "imurmurhash": {
      "version": "0.1.4",
      "resolved": "https://registry.npmjs.org/imurmurhash/-/imurmurhash-0.1.4.tgz",
      "integrity": "sha1-khi5srkoojixPcT7a21XbyMUU+o="
    },
    "intersperse": {
      "version": "1.0.0",
      "resolved": "https://registry.npmjs.org/intersperse/-/intersperse-1.0.0.tgz",
      "integrity": "sha1-8lYfsc/vn1J3zDNHoiiGtDUaUYE="
    },
    "is-mobile": {
      "version": "2.2.1",
      "resolved": "https://registry.npmjs.org/is-mobile/-/is-mobile-2.2.1.tgz",
      "integrity": "sha512-6zELsfVFr326eq2CI53yvqq6YBanOxKBybwDT+MbMS2laBnK6Ez8m5XHSuTQQbnKRfpDzCod1CMWW5q3wZYMvA=="
    },
    "is-negative-zero": {
      "version": "2.0.0",
      "resolved": "https://registry.npmjs.org/is-negative-zero/-/is-negative-zero-2.0.0.tgz",
      "integrity": "sha1-lVOxIbD6wohp2p7UWeIMdUN4hGE="
    },
    "is-obj": {
      "version": "2.0.0",
      "resolved": "https://registry.npmjs.org/is-obj/-/is-obj-2.0.0.tgz",
      "integrity": "sha512-drqDG3cbczxxEJRoOXcOjtdp1J/lyp1mNn0xaznRs8+muBhgQcrnbspox5X5fOw0HnMnbfDzvnEMEtqDEJEo8w=="
    },
    "is-typedarray": {
      "version": "1.0.0",
      "resolved": "https://registry.npmjs.org/is-typedarray/-/is-typedarray-1.0.0.tgz",
      "integrity": "sha1-5HnICFjfDBsR3dppQPlgEfzaSpo="
    },
    "ismobilejs": {
      "version": "1.1.1",
      "resolved": "https://registry.npmjs.org/ismobilejs/-/ismobilejs-1.1.1.tgz",
      "integrity": "sha512-VaFW53yt8QO61k2WJui0dHf4SlL8lxBofUuUmwBo0ljPk0Drz2TiuDW4jo3wDcv41qy/SxrJ+VAzJ/qYqsmzRw=="
    },
    "js-tokens": {
      "version": "4.0.0",
      "resolved": "https://registry.npmjs.org/js-tokens/-/js-tokens-4.0.0.tgz",
      "integrity": "sha512-RdJUflcE3cUzKiMqQgsCu06FPu9UdIJO0beYbPhHN4k6apgJtifcoCtT9bcxOpYBtpD2kCM6Sbzg4CausW/PKQ=="
    },
    "json-schema-traverse": {
      "version": "0.4.1",
      "resolved": "https://registry.npmjs.org/json-schema-traverse/-/json-schema-traverse-0.4.1.tgz",
      "integrity": "sha512-xbbCH5dCYU5T8LcEhhuh7HJ88HXuW3qsI3Y0zOZFKfZEHcpWiHU/Jxzk629Brsab/mMiHQti9wMP+845RPe3Vg=="
    },
    "json-schema-typed": {
      "version": "7.0.3",
      "resolved": "https://registry.npmjs.org/json-schema-typed/-/json-schema-typed-7.0.3.tgz",
      "integrity": "sha512-7DE8mpG+/fVw+dTpjbxnx47TaMnDfOI1jwft9g1VybltZCduyRQPJPvc+zzKY9WPHxhPWczyFuYa6I8Mw4iU5A=="
    },
    "json2mq": {
      "version": "0.2.0",
      "resolved": "https://registry.npmjs.org/json2mq/-/json2mq-0.2.0.tgz",
      "integrity": "sha1-tje9O6nqvhIsg+lyBIOusQ0skEo=",
      "requires": {
        "string-convert": "^0.2.0"
      }
    },
    "locate-path": {
      "version": "3.0.0",
      "resolved": "https://registry.npmjs.org/locate-path/-/locate-path-3.0.0.tgz",
      "integrity": "sha512-7AO748wWnIhNqAuaty2ZWHkQHRSNfPVIsPIfwEOWO22AmaoVrWavlOcMR5nzTLNYvp36X220/maaRsrec1G65A==",
      "requires": {
        "p-locate": "^3.0.0",
        "path-exists": "^3.0.0"
      }
    },
    "lodash": {
      "version": "4.17.15",
      "resolved": "https://registry.npmjs.org/lodash/-/lodash-4.17.15.tgz",
      "integrity": "sha512-8xOcRHvCjnocdS5cpwXQXVzmmh5e5+saE2QGoeQmbKmRS6J3VQppPOIt0MnmE+4xlZoumy0GPG0D0MVIQbNA1A=="
    },
    "lodash.toarray": {
      "version": "4.4.0",
      "resolved": "https://registry.npmjs.org/lodash.toarray/-/lodash.toarray-4.4.0.tgz",
      "integrity": "sha1-JMS/zWsvuji/0FlNsRedjptlZWE="
    },
    "loose-envify": {
      "version": "1.4.0",
      "resolved": "https://registry.npmjs.org/loose-envify/-/loose-envify-1.4.0.tgz",
      "integrity": "sha512-lyuxPGr/Wfhrlem2CL/UcnUc1zcqKAImBDzukY7Y5F/yQiNdko6+fRLevlw1HgMySw7f611UIY408EtxRSoK3Q==",
      "requires": {
        "js-tokens": "^3.0.0 || ^4.0.0"
      }
    },
    "make-dir": {
      "version": "3.1.0",
      "resolved": "https://registry.npmjs.org/make-dir/-/make-dir-3.1.0.tgz",
      "integrity": "sha512-g3FeP20LNwhALb/6Cz6Dd4F2ngze0jz7tbzrD2wAV+o9FeNHe4rL+yK2md0J/fiSf1sa1ADhXqi5+oVwOM/eGw==",
      "requires": {
        "semver": "^6.0.0"
      }
    },
    "mimic-fn": {
      "version": "2.1.0",
      "resolved": "https://registry.npmjs.org/mimic-fn/-/mimic-fn-2.1.0.tgz",
      "integrity": "sha512-OqbOk5oEQeAZ8WXWydlu9HJjz9WVdEIvamMCcXmuqUYjTknH/sqsWvhQ3vgwKFRR1HpjvNBKQ37nbJgYzGqGcg=="
    },
    "moment": {
      "version": "2.26.0",
      "resolved": "https://registry.npmjs.org/moment/-/moment-2.26.0.tgz",
      "integrity": "sha512-oIixUO+OamkUkwjhAVE18rAMfRJNsNe/Stid/gwHSOfHrOtw9EhAY2AHvdKZ/k/MggcYELFCJz/Sn2pL8b8JMw=="
    },
    "mutationobserver-shim": {
      "version": "0.3.5",
      "resolved": "https://registry.npmjs.org/mutationobserver-shim/-/mutationobserver-shim-0.3.5.tgz",
      "integrity": "sha512-YAMuSp4Oi19SYQF04dGnRajyFp4Wyam+jKKWzm5roPcNh1Rip8dnHPxls5F/xBgY0H2gV+3IzWuIvYQPDAvmBQ=="
    },
    "node-emoji": {
      "version": "1.10.0",
      "resolved": "https://registry.npmjs.org/node-emoji/-/node-emoji-1.10.0.tgz",
      "integrity": "sha512-Yt3384If5H6BYGVHiHwTL+99OzJKHhgp82S8/dktEK73T26BazdgZ4JZh92xSVtGNJvz9UbXdNAc5hcrXV42vw==",
      "requires": {
        "lodash.toarray": "^4.4.0"
      }
    },
    "object-assign": {
      "version": "4.1.1",
      "resolved": "https://registry.npmjs.org/object-assign/-/object-assign-4.1.1.tgz",
      "integrity": "sha1-IQmtx5ZYh8/AXLvUQsrIv7s2CGM="
    },
    "omit.js": {
      "version": "1.0.2",
      "resolved": "https://registry.npmjs.org/omit.js/-/omit.js-1.0.2.tgz",
      "integrity": "sha512-/QPc6G2NS+8d4L/cQhbk6Yit1WTB6Us2g84A7A/1+w9d/eRGHyEqC5kkQtHVoHZ5NFWGG7tUGgrhVZwgZanKrQ==",
      "requires": {
        "babel-runtime": "^6.23.0"
      }
    },
    "onetime": {
      "version": "5.1.0",
      "resolved": "https://registry.npmjs.org/onetime/-/onetime-5.1.0.tgz",
      "integrity": "sha512-5NcSkPHhwTVFIQN+TUqXoS5+dlElHXdpAWu9I0HP20YOtIi+aZ0Ct82jdlILDxjLEAWwvm+qj1m6aEtsDVmm6Q==",
      "requires": {
        "mimic-fn": "^2.1.0"
      }
    },
    "p-limit": {
      "version": "2.3.0",
      "resolved": "https://registry.npmjs.org/p-limit/-/p-limit-2.3.0.tgz",
      "integrity": "sha512-//88mFWSJx8lxCzwdAABTJL2MyWB12+eIY7MDL2SqLmAkeKU9qxRvWuSyTjm3FUmpBEMuFfckAIqEaVGUDxb6w==",
      "requires": {
        "p-try": "^2.0.0"
      }
    },
    "p-locate": {
      "version": "3.0.0",
      "resolved": "https://registry.npmjs.org/p-locate/-/p-locate-3.0.0.tgz",
      "integrity": "sha512-x+12w/To+4GFfgJhBEpiDcLozRJGegY+Ei7/z0tSLkMmxGZNybVMSfWj9aJn8Z5Fc7dBUNJOOVgPv2H7IwulSQ==",
      "requires": {
        "p-limit": "^2.0.0"
      }
    },
    "p-try": {
      "version": "2.2.0",
      "resolved": "https://registry.npmjs.org/p-try/-/p-try-2.2.0.tgz",
      "integrity": "sha512-R4nPAVTAU0B9D35/Gk3uJf/7XYbQcyohSKdvAxIRSNghFl4e71hVoGnBNQz9cWaXxO2I10KTC+3jMdvvoKw6dQ=="
    },
    "path-exists": {
      "version": "3.0.0",
      "resolved": "https://registry.npmjs.org/path-exists/-/path-exists-3.0.0.tgz",
      "integrity": "sha1-zg6+ql94yxiSXqfYENe1mwEP1RU="
    },
    "performance-now": {
      "version": "2.1.0",
      "resolved": "https://registry.npmjs.org/performance-now/-/performance-now-2.1.0.tgz",
      "integrity": "sha1-Ywn04OX6kT7BxpMHrjZLSzd8nns="
    },
    "pkg-up": {
      "version": "3.1.0",
      "resolved": "https://registry.npmjs.org/pkg-up/-/pkg-up-3.1.0.tgz",
      "integrity": "sha512-nDywThFk1i4BQK4twPQ6TA4RT8bDY96yeuCVBWL3ePARCiEKDRSrNGbFIgUJpLp+XeIR65v8ra7WuJOFUBtkMA==",
      "requires": {
        "find-up": "^3.0.0"
      }
    },
    "punycode": {
      "version": "2.1.1",
      "resolved": "https://registry.npmjs.org/punycode/-/punycode-2.1.1.tgz",
      "integrity": "sha512-XRsRjdf+j5ml+y/6GKHPZbrF/8p2Yga0JPtdqTIY2Xe5ohJPD9saDJJLPvp9+NSBprVvevdXZybnj2cv8OEd0A=="
    },
    "raf": {
      "version": "3.4.1",
      "resolved": "https://registry.npmjs.org/raf/-/raf-3.4.1.tgz",
      "integrity": "sha512-Sq4CW4QhwOHE8ucn6J34MqtZCeWFP2aQSmrlroYgqAV1PjStIhJXxYuTgUIfkEk7zTLjmIjLmU5q+fbD1NnOJA==",
      "requires": {
        "performance-now": "^2.1.0"
      }
    },
    "regenerator-runtime": {
      "version": "0.11.1",
      "resolved": "https://registry.npmjs.org/regenerator-runtime/-/regenerator-runtime-0.11.1.tgz",
      "integrity": "sha512-MguG95oij0fC3QV3URf4V2SDYGJhJnJGqvIIgdECeODCT98wSWDAJ94SSuVpYQUoTcGUIL6L4yNB7j1DFFHSBg=="
    },
    "resize-observer-polyfill": {
      "version": "1.5.1",
      "resolved": "https://registry.npmjs.org/resize-observer-polyfill/-/resize-observer-polyfill-1.5.1.tgz",
      "integrity": "sha512-LwZrotdHOo12nQuZlHEmtuXdqGoOD0OhaxopaNFxWzInpEgaLWoVuAMbTzixuosCx2nEG58ngzW3vxdWoxIgdg=="
    },
    "semver": {
      "version": "6.3.0",
      "resolved": "https://registry.npmjs.org/semver/-/semver-6.3.0.tgz",
      "integrity": "sha512-b39TBaTSfV6yBrapU89p5fKekE2m/NwnDocOVruQFS1/veMgdzuPcnOM34M6CwxW8jH/lxEa5rBoDeUwu5HHTw=="
    },
    "shallow-equal": {
      "version": "1.2.1",
      "resolved": "https://registry.npmjs.org/shallow-equal/-/shallow-equal-1.2.1.tgz",
      "integrity": "sha512-S4vJDjHHMBaiZuT9NPb616CSmLf618jawtv3sufLl6ivK8WocjAo58cXwbRV1cgqxH0Qbv+iUt6m05eqEa2IRA=="
    },
    "shallowequal": {
      "version": "1.1.0",
      "resolved": "https://registry.npmjs.org/shallowequal/-/shallowequal-1.1.0.tgz",
      "integrity": "sha512-y0m1JoUZSlPAjXVtPPW70aZWfIL/dSP7AFkRnniLCrK/8MDKog3TySTBmckD+RObVxH0v4Tox67+F14PdED2oQ=="
    },
    "signal-exit": {
      "version": "3.0.3",
      "resolved": "https://registry.npmjs.org/signal-exit/-/signal-exit-3.0.3.tgz",
      "integrity": "sha512-VUJ49FC8U1OxwZLxIbTTrDvLnf/6TDgxZcK8wxR8zs13xpx7xbG60ndBlhNrFi2EMuFRoeDoJO7wthSLq42EjA=="
    },
    "string-convert": {
      "version": "0.2.1",
      "resolved": "https://registry.npmjs.org/string-convert/-/string-convert-0.2.1.tgz",
      "integrity": "sha1-aYLMMEn7tM2F+LJFaLnZvznu/5c="
    },
    "tinycolor2": {
      "version": "1.4.1",
      "resolved": "https://registry.npmjs.org/tinycolor2/-/tinycolor2-1.4.1.tgz",
      "integrity": "sha1-9PrTM0R7wLB9TcjpIJ2POaisd+g="
    },
    "tslib": {
      "version": "1.13.0",
      "resolved": "https://registry.npmjs.org/tslib/-/tslib-1.13.0.tgz",
      "integrity": "sha512-i/6DQjL8Xf3be4K/E6Wgpekn5Qasl1usyw++dAA35Ue5orEn65VIxOA+YvNNl9HV3qv70T7CNwjODHZrLwvd1Q=="
    },
    "type-fest": {
      "version": "0.7.1",
      "resolved": "https://registry.npmjs.org/type-fest/-/type-fest-0.7.1.tgz",
      "integrity": "sha512-Ne2YiiGN8bmrmJJEuTWTLJR32nh/JdL1+PSicowtNb0WFpn59GK8/lfD61bVtzguz7b3PBt74nxpv/Pw5po5Rg=="
    },
    "typedarray-to-buffer": {
      "version": "3.1.5",
      "resolved": "https://registry.npmjs.org/typedarray-to-buffer/-/typedarray-to-buffer-3.1.5.tgz",
      "integrity": "sha512-zdu8XMNEDepKKR+XYOXAVPtWui0ly0NtohUscw+UmaHiAWT8hrV1rr//H6V+0DvJ3OQ19S979M0laLfX8rm82Q==",
      "requires": {
        "is-typedarray": "^1.0.0"
      }
    },
    "uri-js": {
      "version": "4.2.2",
      "resolved": "https://registry.npmjs.org/uri-js/-/uri-js-4.2.2.tgz",
      "integrity": "sha512-KY9Frmirql91X2Qgjry0Wd4Y+YTdrdZheS8TFwvkbLWf/G5KNJDCh6pKL5OZctEW4+0Baa5idK2ZQuELRwPznQ==",
      "requires": {
        "punycode": "^2.1.0"
      }
    },
    "vue": {
      "version": "2.6.11",
      "resolved": "https://registry.npmjs.org/vue/-/vue-2.6.11.tgz",
      "integrity": "sha512-VfPwgcGABbGAue9+sfrD4PuwFar7gPb1yl1UK1MwXoQPAw0BKSqWfoYCT/ThFrdEVWoI51dBuyCoiNU9bZDZxQ=="
    },
    "vue-class-component": {
      "version": "7.2.3",
      "resolved": "https://registry.npmjs.org/vue-class-component/-/vue-class-component-7.2.3.tgz",
      "integrity": "sha512-oEqYpXKaFN+TaXU+mRLEx8dX0ah85aAJEe61mpdoUrq0Bhe/6sWhyZX1JjMQLhVsHAkncyhedhmCdDVSasUtDw=="
    },
    "vue-property-decorator": {
      "version": "8.4.2",
      "resolved": "https://registry.npmjs.org/vue-property-decorator/-/vue-property-decorator-8.4.2.tgz",
      "integrity": "sha512-IqbARlvgPE2pzKfbecKxsu2yEH0Wv7hfHR6m4eZA3LTnNw9hveAX77vDfLFyTeMISS5N7Kucp/xRSHjcQ6bAfQ==",
      "requires": {
        "vue-class-component": "^7.1.0"
      }
    },
    "vue-ref": {
      "version": "2.0.0",
      "resolved": "https://registry.npmjs.org/vue-ref/-/vue-ref-2.0.0.tgz",
      "integrity": "sha512-uKNKpFOVeWNqS2mrBZqnpLyXJo5Q+vnkex6JvpENvhXHFNBW/SJTP8vJywLuVT3DpxwXcF9N0dyIiZ4/NpTexQ=="
    },
    "vue-router": {
      "version": "3.3.2",
      "resolved": "https://registry.npmjs.org/vue-router/-/vue-router-3.3.2.tgz",
      "integrity": "sha512-5sEbcfb7MW8mY8lbUVbF4kgcipGXsagkM/X+pb6n0MhjP+RorWIUTPAPSqgPaiPOxVCXgAItBl8Vwz8vq78faA=="
    },
    "vuescroll": {
      "version": "4.15.1",
      "resolved": "https://registry.npmjs.org/vuescroll/-/vuescroll-4.15.1.tgz",
      "integrity": "sha512-SpdepPo033zlP7yqRBDkktXQlGcu8w9kLOB9pcMopMzOpJ+euT+hfW7NLD0TuZSs/L5hqYZ/gdGxqaz+Jzw3DQ=="
    },
    "vuex": {
      "version": "3.4.0",
      "resolved": "https://registry.npmjs.org/vuex/-/vuex-3.4.0.tgz",
      "integrity": "sha512-ajtqwEW/QhnrBZQsZxCLHThZZaa+Db45c92Asf46ZDXu6uHXgbfVuBaJ4gzD2r4UX0oMJHstFwd2r2HM4l8umg=="
    },
    "warning": {
      "version": "4.0.3",
      "resolved": "https://registry.npmjs.org/warning/-/warning-4.0.3.tgz",
      "integrity": "sha512-rpJyN222KWIvHJ/F53XSZv0Zl/accqHR8et1kpaMTD/fLCRxtV8iX8czMzY7sVZupTI3zcUTg8eycS2kNF9l6w==",
      "requires": {
        "loose-envify": "^1.0.0"
      }
    },
    "write-file-atomic": {
      "version": "3.0.3",
      "resolved": "https://registry.npmjs.org/write-file-atomic/-/write-file-atomic-3.0.3.tgz",
      "integrity": "sha512-AvHcyZ5JnSfq3ioSyjrBkH9yW4m7Ayk8/9My/DD9onKeu/94fwrMocemO2QAJFAlnnDN+ZDS+ZjAR5ua1/PV/Q==",
      "requires": {
        "imurmurhash": "^0.1.4",
        "is-typedarray": "^1.0.0",
        "signal-exit": "^3.0.2",
        "typedarray-to-buffer": "^3.1.5"
      }
    }
  }
}
